
Microsoft Visual Studio Solution File, Format Version 12.00
# Visual Studio Version 16
VisualStudioVersion = 16.0.31624.102
MinimumVisualStudioVersion = 10.0.40219.1
Project("{FAE04EC0-301F-11D3-BF4B-00C04F79EFBC}") = "RoadPC", "RoadPC\RoadPC.csproj", "{6A07586C-8602-4FD1-B898-2B37122B4F76}"
EndProject
Project("{FAE04EC0-301F-11D3-BF4B-00C04F79EFBC}") = "RoadPC_Console", "RoadPC_Console\RoadPC_Console.csproj", "{2843EA0C-D36C-4112-8F5D-AB820B92CC18}"
EndProject
Global
	GlobalSection(SolutionConfigurationPlatforms) = preSolution
		Debug|Any CPU = Debug|Any CPU
		Release|Any CPU = Release|Any CPU
	EndGlobalSection
	GlobalSection(ProjectConfigurationPlatforms) = postSolution
		{6A07586C-8602-4FD1-B898-2B37122B4F76}.Debug|Any CPU.ActiveCfg = Debug|Any CPU
		{6A07586C-8602-4FD1-B898-2B37122B4F76}.Debug|Any CPU.Build.0 = Debug|Any CPU
		{6A07586C-8602-4FD1-B898-2B37122B4F76}.Release|Any CPU.ActiveCfg = Release|Any CPU
		{6A07586C-8602-4FD1-B898-2B37122B4F76}.Release|Any CPU.Build.0 = Release|Any CPU
		{2843EA0C-D36C-4112-8F5D-AB820B92CC18}.Debug|Any CPU.ActiveCfg = Debug|Any CPU
		{2843EA0C-D36C-4112-8F5D-AB820B92CC18}.Debug|Any CPU.Build.0 = Debug|Any CPU
		{2843EA0C-D36C-4112-8F5D-AB820B92CC18}.Release|Any CPU.ActiveCfg = Release|Any CPU
		{2843EA0C-D36C-4112-8F5D-AB820B92CC18}.Release|Any CPU.Build.0 = Release|Any CPU
	EndGlobalSection
	GlobalSection(SolutionProperties) = preSolution
		HideSolutionNode = FALSE
	EndGlobalSection
	GlobalSection(ExtensibilityGlobals) = postSolution
		SolutionGuid = {72E8D0D2-674B-439B-BBA7-6416A9287A4F}
	EndGlobalSection
EndGlobal
